
Microsoft Visual Studio Solution File, Format Version 12.00
# Visual Studio Version 17
VisualStudioVersion = 17.11.35222.181
MinimumVisualStudioVersion = 10.0.40219.1
Project("{FAE04EC0-301F-11D3-BF4B-00C04F79EFBC}") = "ListCrud", "ListCrud\ListCrud.csproj", "{DBA3103B-4570-4A33-B805-058F81E72A1B}"
EndProject
Global
	GlobalSection(SolutionConfigurationPlatforms) = preSolution
		Debug|Any CPU = Debug|Any CPU
		Release|Any CPU = Release|Any CPU
	EndGlobalSection
	GlobalSection(ProjectConfigurationPlatforms) = postSolution
		{DBA3103B-4570-4A33-B805-058F81E72A1B}.Debug|Any CPU.ActiveCfg = Debug|Any CPU
		{DBA3103B-4570-4A33-B805-058F81E72A1B}.Debug|Any CPU.Build.0 = Debug|Any CPU
		{DBA3103B-4570-4A33-B805-058F81E72A1B}.Release|Any CPU.ActiveCfg = Release|Any CPU
		{DBA3103B-4570-4A33-B805-058F81E72A1B}.Release|Any CPU.Build.0 = Release|Any CPU
	EndGlobalSection
	GlobalSection(SolutionProperties) = preSolution
		HideSolutionNode = FALSE
	EndGlobalSection
	GlobalSection(ExtensibilityGlobals) = postSolution
		SolutionGuid = {AF378387-EBAD-4150-BD0D-BF796FD7CA14}
	EndGlobalSection
EndGlobal
